# @generated - this file is auto-generated by `mise lock` https://mise.jdx.dev/dev-tools/mise-lock.html

[[tools.powershell]]
version = "7.6.4"
backend = "aqua:PowerShell/PowerShell"

[tools.powershell."platforms.linux-arm64"]
checksum = "sha256:d4ef2382fa452f2ccbdb48a01adbbce9ed64954872123970c16be6d086d1224b"
url = "https://github.com/PowerShell/PowerShell/releases/download/v7.6.4/powershell-7.6.4-linux-arm64.tar.gz"
url_api = "https://api.github.com/repos/PowerShell/PowerShell/releases/assets/483874935"

[tools.powershell."platforms.linux-arm64-musl"]
checksum = "sha256:d4ef2382fa452f2ccbdb48a01adbbce9ed64954872123970c16be6d086d1224b"
url = "https://github.com/PowerShell/PowerShell/releases/download/v7.6.4/powershell-7.6.4-linux-arm64.tar.gz"
url_api = "https://api.github.com/repos/PowerShell/PowerShell/releases/assets/483874935"

[tools.powershell."platforms.linux-x64"]
checksum = "sha256:4471b5a36bfe86ec7af8525d36bb1cacba0128e7aac22d05cc064bc00e604721"
url = "https://github.com/PowerShell/PowerShell/releases/download/v7.6.4/powershell-7.6.4-linux-x64.tar.gz"
url_api = "https://api.github.com/repos/PowerShell/PowerShell/releases/assets/483875081"

[tools.powershell."platforms.linux-x64-musl"]
checksum = "sha256:2c7c18870b1ad0c107b1665b5f8733b656eb67260f6a6970aba4e7773287d8fd"
url = "https://github.com/PowerShell/PowerShell/releases/download/v7.6.4/powershell-7.6.4-linux-musl-x64.tar.gz"
url_api = "https://api.github.com/repos/PowerShell/PowerShell/releases/assets/483874978"

[tools.powershell."platforms.macos-arm64"]
checksum = "sha256:fff37135307d3a57038adb44eded6c3b4dcd2e254382f4913bc253499ef3469d"
url = "https://github.com/PowerShell/PowerShell/releases/download/v7.6.4/powershell-7.6.4-osx-arm64.tar.gz"
url_api = "https://api.github.com/repos/PowerShell/PowerShell/releases/assets/483875170"

[tools.powershell."platforms.macos-x64"]
checksum = "sha256:b58e4b96dbdca20c058d4462f33509d386c0d768751344611bc04aaf32e4187c"
url = "https://github.com/PowerShell/PowerShell/releases/download/v7.6.4/powershell-7.6.4-osx-x64.tar.gz"
url_api = "https://api.github.com/repos/PowerShell/PowerShell/releases/assets/483875280"

[tools.powershell."platforms.windows-x64"]
checksum = "sha256:80832551c52809301e6071c8bac977beb5a2f1ec953eb4db9f94deb953333793"
url = "https://github.com/PowerShell/PowerShell/releases/download/v7.6.4/PowerShell-7.6.4-win-x64.zip"
url_api = "https://api.github.com/repos/PowerShell/PowerShell/releases/assets/483875563"

[[tools.python]]
version = "3.11.15"
backend = "core:python"

[tools.python."platforms.linux-arm64"]
checksum = "sha256:2290f3a9115ee2cd0928a7fc1f3f918142705fba3efa04dc64ffe6e5bae3245f"
url = "https://github.com/astral-sh/python-build-standalone/releases/download/20260807/cpython-3.11.15+20260807-aarch64-unknown-linux-gnu-install_only_stripped.tar.gz"
provenance = "github-attestations"

[tools.python."platforms.linux-arm64-musl"]
checksum = "sha256:526baa436026247fe3b53a067733fc70bb4a10b678d1d4fc4b0faa8fa331a924"
url = "https://github.com/astral-sh/python-build-standalone/releases/download/20260807/cpython-3.11.15+20260807-aarch64-unknown-linux-musl-install_only_stripped.tar.gz"
provenance = "github-attestations"

[tools.python."platforms.linux-x64"]
checksum = "sha256:69dfac9d0f15a0b9281a38486f212cbf76421609228c184dc0d34a0533d57ba6"
url = "https://github.com/astral-sh/python-build-standalone/releases/download/20260807/cpython-3.11.15+20260807-x86_64-unknown-linux-gnu-install_only_stripped.tar.gz"
provenance = "github-attestations"

[tools.python."platforms.linux-x64-musl"]
checksum = "sha256:2e7a9e43b63e6c784ba39e5c83a6a06f7d2d534869b3601e85142dc541b67d1e"
url = "https://github.com/astral-sh/python-build-standalone/releases/download/20260807/cpython-3.11.15+20260807-x86_64-unknown-linux-musl-install_only_stripped.tar.gz"
provenance = "github-attestations"

[tools.python."platforms.macos-arm64"]
checksum = "sha256:76b27e15a5be9539b830fc698e2646d001b84a66500eeb5228cee46909d6f2cf"
url = "https://github.com/astral-sh/python-build-standalone/releases/download/20260807/cpython-3.11.15+20260807-aarch64-apple-darwin-install_only_stripped.tar.gz"
provenance = "github-attestations"

[tools.python."platforms.macos-x64"]
checksum = "sha256:c4c06e1f2ce49eba8159ae43fe3df6a741d93b826a3ba6b114ad34a4e393dac8"
url = "https://github.com/astral-sh/python-build-standalone/releases/download/20260807/cpython-3.11.15+20260807-x86_64-apple-darwin-install_only_stripped.tar.gz"
provenance = "github-attestations"

[tools.python."platforms.windows-x64"]
checksum = "sha256:ebfd13f290b79fc0cd874304e80944d81a368edc2c7cd94994a7d5104cc0c6b3"
url = "https://github.com/astral-sh/python-build-standalone/releases/download/20260807/cpython-3.11.15+20260807-x86_64-pc-windows-msvc-install_only_stripped.tar.gz"
provenance = "github-attestations"
